{
  "object": {
    "pins": [
      {
        "package": "PromiseKit",
        "repositoryURL": "https://github.com/mxcl/PromiseKit",
        "state": {
          "branch": null,
          "revision": "2ff97931d2721ecae9f94d8cbf4cf853a7d79180",
          "version": "6.16.0"
        }
      }
    ]
  },
  "version": 1
}
